
Microsoft Visual Studio Solution File, Format Version 12.00
# Visual Studio Version 17
VisualStudioVersion = 17.0.31919.166
MinimumVisualStudioVersion = 10.0.40219.1
Project("{9A19103F-16F7-4668-BE54-9A1E7A4F7556}") = "ConsoleApp", "ConsoleApp\ConsoleApp.csproj", "{AA6E8E6C-A68D-44BD-8E21-7AC02AD81AEC}"
EndProject
Project("{9A19103F-16F7-4668-BE54-9A1E7A4F7556}") = "GWENT Logic", "GWENT Logic\GWENT Logic.csproj", "{2AD40AD0-41FC-4D92-87F1-493E27C225A4}"
EndProject
Project("{9A19103F-16F7-4668-BE54-9A1E7A4F7556}") = "GwentCompilator", "..\GwentCompilator\GwentCompilator\GwentCompilator.csproj", "{8EDFA398-65FB-4070-B05F-85513EB3E5EF}"
EndProject
Global
	GlobalSection(SolutionConfigurationPlatforms) = preSolution
		Debug|Any CPU = Debug|Any CPU
		Release|Any CPU = Release|Any CPU
	EndGlobalSection
	GlobalSection(ProjectConfigurationPlatforms) = postSolution
		{AA6E8E6C-A68D-44BD-8E21-7AC02AD81AEC}.Debug|Any CPU.ActiveCfg = Debug|Any CPU
		{AA6E8E6C-A68D-44BD-8E21-7AC02AD81AEC}.Debug|Any CPU.Build.0 = Debug|Any CPU
		{AA6E8E6C-A68D-44BD-8E21-7AC02AD81AEC}.Release|Any CPU.ActiveCfg = Release|Any CPU
		{AA6E8E6C-A68D-44BD-8E21-7AC02AD81AEC}.Release|Any CPU.Build.0 = Release|Any CPU
		{2AD40AD0-41FC-4D92-87F1-493E27C225A4}.Debug|Any CPU.ActiveCfg = Debug|Any CPU
		{2AD40AD0-41FC-4D92-87F1-493E27C225A4}.Debug|Any CPU.Build.0 = Debug|Any CPU
		{2AD40AD0-41FC-4D92-87F1-493E27C225A4}.Release|Any CPU.ActiveCfg = Release|Any CPU
		{2AD40AD0-41FC-4D92-87F1-493E27C225A4}.Release|Any CPU.Build.0 = Release|Any CPU
		{8EDFA398-65FB-4070-B05F-85513EB3E5EF}.Debug|Any CPU.ActiveCfg = Debug|Any CPU
		{8EDFA398-65FB-4070-B05F-85513EB3E5EF}.Debug|Any CPU.Build.0 = Debug|Any CPU
		{8EDFA398-65FB-4070-B05F-85513EB3E5EF}.Release|Any CPU.ActiveCfg = Release|Any CPU
		{8EDFA398-65FB-4070-B05F-85513EB3E5EF}.Release|Any CPU.Build.0 = Release|Any CPU
	EndGlobalSection
	GlobalSection(SolutionProperties) = preSolution
		HideSolutionNode = FALSE
	EndGlobalSection
	GlobalSection(ExtensibilityGlobals) = postSolution
		SolutionGuid = {A9B85A01-577C-49E5-BABD-B72D9AE3AB78}
	EndGlobalSection
EndGlobal
